
Microsoft Visual Studio Solution File, Format Version 12.00
# Visual Studio Version 17
VisualStudioVersion = 17.9.34723.18
MinimumVisualStudioVersion = 10.0.40219.1
Project("{2150E333-8FDC-42A3-9474-1A3956D46DE8}") = "01-Presentation", "01-Presentation", "{4186E283-8C88-42F7-8F81-94901C3D7C45}"
EndProject
Project("{2150E333-8FDC-42A3-9474-1A3956D46DE8}") = "02-Ioc", "02-Ioc", "{9D3A8056-6113-466A-9D68-E7BB82869562}"
EndProject
Project("{2150E333-8FDC-42A3-9474-1A3956D46DE8}") = "03-Application", "03-Application", "{C04D1EB9-48A4-493D-8690-19F13B144E91}"
EndProject
Project("{2150E333-8FDC-42A3-9474-1A3956D46DE8}") = "04-Infrastructure", "04-Infrastructure", "{2554B42B-7734-4DE3-8B76-6ED3D17847E4}"
EndProject
Project("{2150E333-8FDC-42A3-9474-1A3956D46DE8}") = "05-Domain", "05-Domain", "{95C152A7-A61A-46BA-80D0-AFE899409586}"
EndProject
Project("{2150E333-8FDC-42A3-9474-1A3956D46DE8}") = "06-Tests", "06-Tests", "{3C05D33D-78CB-4A96-A916-7E2ACEC94627}"
EndProject
Project("{E53339B2-1760-4266-BCC7-CA923CBCF16C}") = "docker-compose", "docker-compose.dcproj", "{B36C0308-657D-4142-ACBC-B936115E775B}"
EndProject
Project("{FAE04EC0-301F-11D3-BF4B-00C04F79EFBC}") = "SignSafe.Ioc", "src\SignSafe.Ioc\SignSafe.Ioc.csproj", "{0F01A485-7C96-4B95-A9A7-1E690F41FAC5}"
EndProject
Project("{FAE04EC0-301F-11D3-BF4B-00C04F79EFBC}") = "SignSafe.Application", "src\SignSafe.Application\SignSafe.Application.csproj", "{DA7BCFCC-8DE3-4B9F-B657-048B2C8BAD8D}"
EndProject
Project("{FAE04EC0-301F-11D3-BF4B-00C04F79EFBC}") = "SignSafe.Infrastructure", "src\SignSafe.Infrastructure\SignSafe.Infrastructure.csproj", "{A3FD4F2F-B943-442F-BA25-4BC644DB132E}"
EndProject
Project("{FAE04EC0-301F-11D3-BF4B-00C04F79EFBC}") = "SignSafe.Domain", "src\SignSafe.Domain\SignSafe.Domain.csproj", "{4F8D2D28-C25F-411F-B1B0-526FCBCFB7FB}"
EndProject
Project("{FAE04EC0-301F-11D3-BF4B-00C04F79EFBC}") = "Tests", "src\Tests\Tests.csproj", "{72BE3265-BF26-47B7-9E3D-5F20BF266968}"
EndProject
Project("{FAE04EC0-301F-11D3-BF4B-00C04F79EFBC}") = "SignSafe.Presentation", "src\SignSafe.Presentation\SignSafe.Presentation.csproj", "{FE711468-A4C6-4676-9B34-489782A51B86}"
EndProject
Global
	GlobalSection(SolutionConfigurationPlatforms) = preSolution
		Debug|Any CPU = Debug|Any CPU
		Release|Any CPU = Release|Any CPU
	EndGlobalSection
	GlobalSection(ProjectConfigurationPlatforms) = postSolution
		{B36C0308-657D-4142-ACBC-B936115E775B}.Debug|Any CPU.ActiveCfg = Debug|Any CPU
		{B36C0308-657D-4142-ACBC-B936115E775B}.Debug|Any CPU.Build.0 = Debug|Any CPU
		{B36C0308-657D-4142-ACBC-B936115E775B}.Release|Any CPU.ActiveCfg = Release|Any CPU
		{B36C0308-657D-4142-ACBC-B936115E775B}.Release|Any CPU.Build.0 = Release|Any CPU
		{0F01A485-7C96-4B95-A9A7-1E690F41FAC5}.Debug|Any CPU.ActiveCfg = Debug|Any CPU
		{0F01A485-7C96-4B95-A9A7-1E690F41FAC5}.Debug|Any CPU.Build.0 = Debug|Any CPU
		{0F01A485-7C96-4B95-A9A7-1E690F41FAC5}.Release|Any CPU.ActiveCfg = Release|Any CPU
		{0F01A485-7C96-4B95-A9A7-1E690F41FAC5}.Release|Any CPU.Build.0 = Release|Any CPU
		{DA7BCFCC-8DE3-4B9F-B657-048B2C8BAD8D}.Debug|Any CPU.ActiveCfg = Debug|Any CPU
		{DA7BCFCC-8DE3-4B9F-B657-048B2C8BAD8D}.Debug|Any CPU.Build.0 = Debug|Any CPU
		{DA7BCFCC-8DE3-4B9F-B657-048B2C8BAD8D}.Release|Any CPU.ActiveCfg = Release|Any CPU
		{DA7BCFCC-8DE3-4B9F-B657-048B2C8BAD8D}.Release|Any CPU.Build.0 = Release|Any CPU
		{A3FD4F2F-B943-442F-BA25-4BC644DB132E}.Debug|Any CPU.ActiveCfg = Debug|Any CPU
		{A3FD4F2F-B943-442F-BA25-4BC644DB132E}.Debug|Any CPU.Build.0 = Debug|Any CPU
		{A3FD4F2F-B943-442F-BA25-4BC644DB132E}.Release|Any CPU.ActiveCfg = Release|Any CPU
		{A3FD4F2F-B943-442F-BA25-4BC644DB132E}.Release|Any CPU.Build.0 = Release|Any CPU
		{4F8D2D28-C25F-411F-B1B0-526FCBCFB7FB}.Debug|Any CPU.ActiveCfg = Debug|Any CPU
		{4F8D2D28-C25F-411F-B1B0-526FCBCFB7FB}.Debug|Any CPU.Build.0 = Debug|Any CPU
		{4F8D2D28-C25F-411F-B1B0-526FCBCFB7FB}.Release|Any CPU.ActiveCfg = Release|Any CPU
		{4F8D2D28-C25F-411F-B1B0-526FCBCFB7FB}.Release|Any CPU.Build.0 = Release|Any CPU
		{72BE3265-BF26-47B7-9E3D-5F20BF266968}.Debug|Any CPU.ActiveCfg = Debug|Any CPU
		{72BE3265-BF26-47B7-9E3D-5F20BF266968}.Debug|Any CPU.Build.0 = Debug|Any CPU
		{72BE3265-BF26-47B7-9E3D-5F20BF266968}.Release|Any CPU.ActiveCfg = Release|Any CPU
		{72BE3265-BF26-47B7-9E3D-5F20BF266968}.Release|Any CPU.Build.0 = Release|Any CPU
		{FE711468-A4C6-4676-9B34-489782A51B86}.Debug|Any CPU.ActiveCfg = Debug|Any CPU
		{FE711468-A4C6-4676-9B34-489782A51B86}.Debug|Any CPU.Build.0 = Debug|Any CPU
		{FE711468-A4C6-4676-9B34-489782A51B86}.Release|Any CPU.ActiveCfg = Release|Any CPU
		{FE711468-A4C6-4676-9B34-489782A51B86}.Release|Any CPU.Build.0 = Release|Any CPU
	EndGlobalSection
	GlobalSection(SolutionProperties) = preSolution
		HideSolutionNode = FALSE
	EndGlobalSection
	GlobalSection(NestedProjects) = preSolution
		{0F01A485-7C96-4B95-A9A7-1E690F41FAC5} = {9D3A8056-6113-466A-9D68-E7BB82869562}
		{DA7BCFCC-8DE3-4B9F-B657-048B2C8BAD8D} = {C04D1EB9-48A4-493D-8690-19F13B144E91}
		{A3FD4F2F-B943-442F-BA25-4BC644DB132E} = {2554B42B-7734-4DE3-8B76-6ED3D17847E4}
		{4F8D2D28-C25F-411F-B1B0-526FCBCFB7FB} = {95C152A7-A61A-46BA-80D0-AFE899409586}
		{72BE3265-BF26-47B7-9E3D-5F20BF266968} = {3C05D33D-78CB-4A96-A916-7E2ACEC94627}
		{FE711468-A4C6-4676-9B34-489782A51B86} = {4186E283-8C88-42F7-8F81-94901C3D7C45}
	EndGlobalSection
	GlobalSection(ExtensibilityGlobals) = postSolution
		SolutionGuid = {099B29AB-57C7-4AD3-858A-E0D9F2F34B70}
	EndGlobalSection
EndGlobal
